
Microsoft Visual Studio Solution File, Format Version 12.00
# Visual Studio Version 17
VisualStudioVersion = 17.3.32929.385
MinimumVisualStudioVersion = 10.0.40219.1
Project("{FAE04EC0-301F-11D3-BF4B-00C04F79EFBC}") = "WpfApp", "WpfApp\WpfApp.csproj", "{C0E53822-7BF5-4345-BFDB-C69D6AE84F84}"
EndProject
Project("{FAE04EC0-301F-11D3-BF4B-00C04F79EFBC}") = "WinFormsApp", "WinFormsApp\WinFormsApp.csproj", "{81582E6B-BAB1-4E54-9D08-4F2199F1144C}"
EndProject
Project("{FAE04EC0-301F-11D3-BF4B-00C04F79EFBC}") = "ConsoleApp", "ConsoleApp\ConsoleApp.csproj", "{06D1E413-14E5-47AC-85B9-48ABDA5FCEBE}"
EndProject
Global
	GlobalSection(SolutionConfigurationPlatforms) = preSolution
		Debug|Any CPU = Debug|Any CPU
		Release|Any CPU = Release|Any CPU
	EndGlobalSection
	GlobalSection(ProjectConfigurationPlatforms) = postSolution
		{C0E53822-7BF5-4345-BFDB-C69D6AE84F84}.Debug|Any CPU.ActiveCfg = Debug|Any CPU
		{C0E53822-7BF5-4345-BFDB-C69D6AE84F84}.Debug|Any CPU.Build.0 = Debug|Any CPU
		{C0E53822-7BF5-4345-BFDB-C69D6AE84F84}.Release|Any CPU.ActiveCfg = Release|Any CPU
		{C0E53822-7BF5-4345-BFDB-C69D6AE84F84}.Release|Any CPU.Build.0 = Release|Any CPU
		{81582E6B-BAB1-4E54-9D08-4F2199F1144C}.Debug|Any CPU.ActiveCfg = Debug|Any CPU
		{81582E6B-BAB1-4E54-9D08-4F2199F1144C}.Debug|Any CPU.Build.0 = Debug|Any CPU
		{81582E6B-BAB1-4E54-9D08-4F2199F1144C}.Release|Any CPU.ActiveCfg = Release|Any CPU
		{81582E6B-BAB1-4E54-9D08-4F2199F1144C}.Release|Any CPU.Build.0 = Release|Any CPU
		{06D1E413-14E5-47AC-85B9-48ABDA5FCEBE}.Debug|Any CPU.ActiveCfg = Debug|Any CPU
		{06D1E413-14E5-47AC-85B9-48ABDA5FCEBE}.Debug|Any CPU.Build.0 = Debug|Any CPU
		{06D1E413-14E5-47AC-85B9-48ABDA5FCEBE}.Release|Any CPU.ActiveCfg = Release|Any CPU
		{06D1E413-14E5-47AC-85B9-48ABDA5FCEBE}.Release|Any CPU.Build.0 = Release|Any CPU
	EndGlobalSection
	GlobalSection(SolutionProperties) = preSolution
		HideSolutionNode = FALSE
	EndGlobalSection
	GlobalSection(ExtensibilityGlobals) = postSolution
		SolutionGuid = {DF414CAE-E77F-47D0-A3A4-8CF2DF65E7FC}
	EndGlobalSection
EndGlobal
