
Microsoft Visual Studio Solution File, Format Version 12.00
# Visual Studio Version 17
VisualStudioVersion = 17.3.32929.385
MinimumVisualStudioVersion = 10.0.40219.1
Project("{9A19103F-16F7-4668-BE54-9A1E7A4F7556}") = "MVCCore", "MVCCore\MVCCore.csproj", "{58C65D6F-74F9-40AA-ADDE-FCBBCFAF1C3D}"
EndProject
Project("{9A19103F-16F7-4668-BE54-9A1E7A4F7556}") = "WebCore", "WebCore\WebCore.csproj", "{0FCCE793-D11B-4BBF-9F89-F315FFD93CDD}"
EndProject
Project("{9A19103F-16F7-4668-BE54-9A1E7A4F7556}") = "WebApiCore", "WebApiCore\WebApiCore.csproj", "{D77D269A-37DE-4BFD-B88B-659B7F1A07B6}"
EndProject
Project("{9A19103F-16F7-4668-BE54-9A1E7A4F7556}") = "ConceptImportantsCore", "ConceptImportantsCore\ConceptImportantsCore.csproj", "{351AFD0A-2DC1-43FD-8898-814EAAD0E038}"
EndProject
Project("{FAE04EC0-301F-11D3-BF4B-00C04F79EFBC}") = "MVCFramework", "MVCFramework\MVCFramework.csproj", "{79E1D6DE-2902-46B5-8C24-AA779FBC052F}"
EndProject
Project("{2150E333-8FDC-42A3-9474-1A3956D46DE8}") = "Solution Items", "Solution Items", "{DBEC3B41-5B2D-413A-98CD-00676E20A5E8}"
	ProjectSection(SolutionItems) = preProject
		..\..\..\Desktop\présences 02112022 C#\CORE\Feuille de route App MVC Core.png = ..\..\..\Desktop\présences 02112022 C#\CORE\Feuille de route App MVC Core.png
	EndProjectSection
EndProject
Project("{9A19103F-16F7-4668-BE54-9A1E7A4F7556}") = "MiddlewareExamples", "MiddlewareExamples\MiddlewareExamples.csproj", "{1D017491-3886-48D0-9DDE-9E27DAE26940}"
EndProject
Project("{FAE04EC0-301F-11D3-BF4B-00C04F79EFBC}") = "EFConsole", "EFConsole\EFConsole.csproj", "{D018EF66-E554-45A7-B0A5-94D15951EA0A}"
EndProject
Project("{FAE04EC0-301F-11D3-BF4B-00C04F79EFBC}") = "DataMVCCore", "DataMVCCore\DataMVCCore.csproj", "{CE279DC7-4A1F-4780-AD81-2EC5620029B6}"
EndProject
Project("{FAE04EC0-301F-11D3-BF4B-00C04F79EFBC}") = "WebApplication1", "WebApplication1\WebApplication1.csproj", "{B3F08DF7-380E-4919-9379-C1815A0E989E}"
EndProject
Global
	GlobalSection(SolutionConfigurationPlatforms) = preSolution
		Debug|Any CPU = Debug|Any CPU
		Release|Any CPU = Release|Any CPU
	EndGlobalSection
	GlobalSection(ProjectConfigurationPlatforms) = postSolution
		{58C65D6F-74F9-40AA-ADDE-FCBBCFAF1C3D}.Debug|Any CPU.ActiveCfg = Debug|Any CPU
		{58C65D6F-74F9-40AA-ADDE-FCBBCFAF1C3D}.Debug|Any CPU.Build.0 = Debug|Any CPU
		{58C65D6F-74F9-40AA-ADDE-FCBBCFAF1C3D}.Release|Any CPU.ActiveCfg = Release|Any CPU
		{58C65D6F-74F9-40AA-ADDE-FCBBCFAF1C3D}.Release|Any CPU.Build.0 = Release|Any CPU
		{0FCCE793-D11B-4BBF-9F89-F315FFD93CDD}.Debug|Any CPU.ActiveCfg = Debug|Any CPU
		{0FCCE793-D11B-4BBF-9F89-F315FFD93CDD}.Debug|Any CPU.Build.0 = Debug|Any CPU
		{0FCCE793-D11B-4BBF-9F89-F315FFD93CDD}.Release|Any CPU.ActiveCfg = Release|Any CPU
		{0FCCE793-D11B-4BBF-9F89-F315FFD93CDD}.Release|Any CPU.Build.0 = Release|Any CPU
		{D77D269A-37DE-4BFD-B88B-659B7F1A07B6}.Debug|Any CPU.ActiveCfg = Debug|Any CPU
		{D77D269A-37DE-4BFD-B88B-659B7F1A07B6}.Debug|Any CPU.Build.0 = Debug|Any CPU
		{D77D269A-37DE-4BFD-B88B-659B7F1A07B6}.Release|Any CPU.ActiveCfg = Release|Any CPU
		{D77D269A-37DE-4BFD-B88B-659B7F1A07B6}.Release|Any CPU.Build.0 = Release|Any CPU
		{351AFD0A-2DC1-43FD-8898-814EAAD0E038}.Debug|Any CPU.ActiveCfg = Debug|Any CPU
		{351AFD0A-2DC1-43FD-8898-814EAAD0E038}.Debug|Any CPU.Build.0 = Debug|Any CPU
		{351AFD0A-2DC1-43FD-8898-814EAAD0E038}.Release|Any CPU.ActiveCfg = Release|Any CPU
		{351AFD0A-2DC1-43FD-8898-814EAAD0E038}.Release|Any CPU.Build.0 = Release|Any CPU
		{79E1D6DE-2902-46B5-8C24-AA779FBC052F}.Debug|Any CPU.ActiveCfg = Debug|Any CPU
		{79E1D6DE-2902-46B5-8C24-AA779FBC052F}.Debug|Any CPU.Build.0 = Debug|Any CPU
		{79E1D6DE-2902-46B5-8C24-AA779FBC052F}.Release|Any CPU.ActiveCfg = Release|Any CPU
		{79E1D6DE-2902-46B5-8C24-AA779FBC052F}.Release|Any CPU.Build.0 = Release|Any CPU
		{1D017491-3886-48D0-9DDE-9E27DAE26940}.Debug|Any CPU.ActiveCfg = Debug|Any CPU
		{1D017491-3886-48D0-9DDE-9E27DAE26940}.Debug|Any CPU.Build.0 = Debug|Any CPU
		{1D017491-3886-48D0-9DDE-9E27DAE26940}.Release|Any CPU.ActiveCfg = Release|Any CPU
		{1D017491-3886-48D0-9DDE-9E27DAE26940}.Release|Any CPU.Build.0 = Release|Any CPU
		{D018EF66-E554-45A7-B0A5-94D15951EA0A}.Debug|Any CPU.ActiveCfg = Debug|Any CPU
		{D018EF66-E554-45A7-B0A5-94D15951EA0A}.Debug|Any CPU.Build.0 = Debug|Any CPU
		{D018EF66-E554-45A7-B0A5-94D15951EA0A}.Release|Any CPU.ActiveCfg = Release|Any CPU
		{D018EF66-E554-45A7-B0A5-94D15951EA0A}.Release|Any CPU.Build.0 = Release|Any CPU
		{CE279DC7-4A1F-4780-AD81-2EC5620029B6}.Debug|Any CPU.ActiveCfg = Debug|Any CPU
		{CE279DC7-4A1F-4780-AD81-2EC5620029B6}.Debug|Any CPU.Build.0 = Debug|Any CPU
		{CE279DC7-4A1F-4780-AD81-2EC5620029B6}.Release|Any CPU.ActiveCfg = Release|Any CPU
		{CE279DC7-4A1F-4780-AD81-2EC5620029B6}.Release|Any CPU.Build.0 = Release|Any CPU
		{B3F08DF7-380E-4919-9379-C1815A0E989E}.Debug|Any CPU.ActiveCfg = Debug|Any CPU
		{B3F08DF7-380E-4919-9379-C1815A0E989E}.Debug|Any CPU.Build.0 = Debug|Any CPU
		{B3F08DF7-380E-4919-9379-C1815A0E989E}.Release|Any CPU.ActiveCfg = Release|Any CPU
		{B3F08DF7-380E-4919-9379-C1815A0E989E}.Release|Any CPU.Build.0 = Release|Any CPU
	EndGlobalSection
	GlobalSection(SolutionProperties) = preSolution
		HideSolutionNode = FALSE
	EndGlobalSection
	GlobalSection(ExtensibilityGlobals) = postSolution
		SolutionGuid = {37FD59C6-95AE-4290-8BFF-513911741B63}
	EndGlobalSection
EndGlobal
